
Microsoft Visual Studio Solution File, Format Version 12.00
# Visual Studio Version 16
VisualStudioVersion = 16.0.30320.27
MinimumVisualStudioVersion = 10.0.40219.1
Project("{FAE04EC0-301F-11D3-BF4B-00C04F79EFBC}") = "AprajitaRetails.Web", "AprajitaRetails\AprajitaRetails.Web\AprajitaRetails.Web.csproj", "{A1D3B34B-0E66-41B6-A6AB-4C11A1D06F7B}"
EndProject
Global
	GlobalSection(SolutionConfigurationPlatforms) = preSolution
		Debug|Any CPU = Debug|Any CPU
		Release|Any CPU = Release|Any CPU
	EndGlobalSection
	GlobalSection(ProjectConfigurationPlatforms) = postSolution
		{A1D3B34B-0E66-41B6-A6AB-4C11A1D06F7B}.Debug|Any CPU.ActiveCfg = Debug|Any CPU
		{A1D3B34B-0E66-41B6-A6AB-4C11A1D06F7B}.Debug|Any CPU.Build.0 = Debug|Any CPU
		{A1D3B34B-0E66-41B6-A6AB-4C11A1D06F7B}.Release|Any CPU.ActiveCfg = Release|Any CPU
		{A1D3B34B-0E66-41B6-A6AB-4C11A1D06F7B}.Release|Any CPU.Build.0 = Release|Any CPU
	EndGlobalSection
	GlobalSection(SolutionProperties) = preSolution
		HideSolutionNode = FALSE
	EndGlobalSection
	GlobalSection(ExtensibilityGlobals) = postSolution
		SolutionGuid = {59DF29CE-DDE2-4929-A093-BFA3D1F9A203}
	EndGlobalSection
EndGlobal
